
Microsoft Visual Studio Solution File, Format Version 12.00
# Visual Studio 15
VisualStudioVersion = 15.0.28307.168
MinimumVisualStudioVersion = 10.0.40219.1
Project("{FAE04EC0-301F-11D3-BF4B-00C04F79EFBC}") = "EnergyAustraliaApi", "EnergyAustraliaApi\EnergyAustraliaApi.csproj", "{141D2100-B9D5-4B91-B006-9CC2B5BE06E4}"
EndProject
Global
	GlobalSection(SolutionConfigurationPlatforms) = preSolution
		Debug|Any CPU = Debug|Any CPU
		Release|Any CPU = Release|Any CPU
	EndGlobalSection
	GlobalSection(ProjectConfigurationPlatforms) = postSolution
		{141D2100-B9D5-4B91-B006-9CC2B5BE06E4}.Debug|Any CPU.ActiveCfg = Debug|Any CPU
		{141D2100-B9D5-4B91-B006-9CC2B5BE06E4}.Debug|Any CPU.Build.0 = Debug|Any CPU
		{141D2100-B9D5-4B91-B006-9CC2B5BE06E4}.Release|Any CPU.ActiveCfg = Release|Any CPU
		{141D2100-B9D5-4B91-B006-9CC2B5BE06E4}.Release|Any CPU.Build.0 = Release|Any CPU
	EndGlobalSection
	GlobalSection(SolutionProperties) = preSolution
		HideSolutionNode = FALSE
	EndGlobalSection
	GlobalSection(ExtensibilityGlobals) = postSolution
		SolutionGuid = {058BAD49-A68F-48B8-A9DC-538D184FAFBF}
	EndGlobalSection
EndGlobal
