
Microsoft Visual Studio Solution File, Format Version 12.00
# Visual Studio 15
VisualStudioVersion = 15.0.28307.168
MinimumVisualStudioVersion = 10.0.40219.1
Project("{9A19103F-16F7-4668-BE54-9A1E7A4F7556}") = "Facade", "Facade\Facade.csproj", "{E1613812-0ACC-4BA8-896E-56E3FBAF0453}"
EndProject
Project("{9A19103F-16F7-4668-BE54-9A1E7A4F7556}") = "Services", "Services\Services.csproj", "{9FBE6A36-423B-4145-8892-C974DA327FBE}"
EndProject
Project("{9A19103F-16F7-4668-BE54-9A1E7A4F7556}") = "Domains", "Domains\Domains.csproj", "{4315473A-550D-4970-8AB8-6541DEAB0078}"
EndProject
Project("{9A19103F-16F7-4668-BE54-9A1E7A4F7556}") = "Contracts", "Contracts\Contracts.csproj", "{FA3AA143-BB51-4225-8751-56254B6E1D86}"
EndProject
Project("{FAE04EC0-301F-11D3-BF4B-00C04F79EFBC}") = "Api", "Api\Api.csproj", "{A75EB48C-099E-4BB3-ADC3-D7CE02587628}"
EndProject
Global
	GlobalSection(SolutionConfigurationPlatforms) = preSolution
		Debug|Any CPU = Debug|Any CPU
		Release|Any CPU = Release|Any CPU
	EndGlobalSection
	GlobalSection(ProjectConfigurationPlatforms) = postSolution
		{E1613812-0ACC-4BA8-896E-56E3FBAF0453}.Debug|Any CPU.ActiveCfg = Debug|Any CPU
		{E1613812-0ACC-4BA8-896E-56E3FBAF0453}.Debug|Any CPU.Build.0 = Debug|Any CPU
		{E1613812-0ACC-4BA8-896E-56E3FBAF0453}.Release|Any CPU.ActiveCfg = Release|Any CPU
		{E1613812-0ACC-4BA8-896E-56E3FBAF0453}.Release|Any CPU.Build.0 = Release|Any CPU
		{9FBE6A36-423B-4145-8892-C974DA327FBE}.Debug|Any CPU.ActiveCfg = Debug|Any CPU
		{9FBE6A36-423B-4145-8892-C974DA327FBE}.Debug|Any CPU.Build.0 = Debug|Any CPU
		{9FBE6A36-423B-4145-8892-C974DA327FBE}.Release|Any CPU.ActiveCfg = Release|Any CPU
		{9FBE6A36-423B-4145-8892-C974DA327FBE}.Release|Any CPU.Build.0 = Release|Any CPU
		{4315473A-550D-4970-8AB8-6541DEAB0078}.Debug|Any CPU.ActiveCfg = Debug|Any CPU
		{4315473A-550D-4970-8AB8-6541DEAB0078}.Debug|Any CPU.Build.0 = Debug|Any CPU
		{4315473A-550D-4970-8AB8-6541DEAB0078}.Release|Any CPU.ActiveCfg = Release|Any CPU
		{4315473A-550D-4970-8AB8-6541DEAB0078}.Release|Any CPU.Build.0 = Release|Any CPU
		{FA3AA143-BB51-4225-8751-56254B6E1D86}.Debug|Any CPU.ActiveCfg = Debug|Any CPU
		{FA3AA143-BB51-4225-8751-56254B6E1D86}.Debug|Any CPU.Build.0 = Debug|Any CPU
		{FA3AA143-BB51-4225-8751-56254B6E1D86}.Release|Any CPU.ActiveCfg = Release|Any CPU
		{FA3AA143-BB51-4225-8751-56254B6E1D86}.Release|Any CPU.Build.0 = Release|Any CPU
		{A75EB48C-099E-4BB3-ADC3-D7CE02587628}.Debug|Any CPU.ActiveCfg = Debug|Any CPU
		{A75EB48C-099E-4BB3-ADC3-D7CE02587628}.Debug|Any CPU.Build.0 = Debug|Any CPU
		{A75EB48C-099E-4BB3-ADC3-D7CE02587628}.Release|Any CPU.ActiveCfg = Release|Any CPU
		{A75EB48C-099E-4BB3-ADC3-D7CE02587628}.Release|Any CPU.Build.0 = Release|Any CPU
	EndGlobalSection
	GlobalSection(SolutionProperties) = preSolution
		HideSolutionNode = FALSE
	EndGlobalSection
	GlobalSection(ExtensibilityGlobals) = postSolution
		SolutionGuid = {058BAD49-A68F-48B8-A9DC-538D184FAFBF}
	EndGlobalSection
EndGlobal
